
Microsoft Visual Studio Solution File, Format Version 12.00
# Visual Studio Version 17
VisualStudioVersion = 17.9.34728.123
MinimumVisualStudioVersion = 10.0.40219.1
Project("{9A19103F-16F7-4668-BE54-9A1E7A4F7556}") = "RentSoftware", "RentSoftware\RentSoftware.csproj", "{6D856577-9B6F-407A-A48F-A6BFE8371CCE}"
EndProject
Project("{9A19103F-16F7-4668-BE54-9A1E7A4F7556}") = "RentSoftware.Service", "RentSoftware.Service\RentSoftware.Service.csproj", "{20FB3785-52ED-4F12-A90A-13753E85437C}"
EndProject
Project("{9A19103F-16F7-4668-BE54-9A1E7A4F7556}") = "RentSoftware.Repository", "RentSoftware.Repository\RentSoftware.Repository.csproj", "{6208327E-83FE-431C-A494-61CD3A98977F}"
EndProject
Project("{9A19103F-16F7-4668-BE54-9A1E7A4F7556}") = "RentSoftware.Core", "RentSoftware.Core\RentSoftware.Core.csproj", "{BC27D060-B8BF-41A2-A6C0-1CE3A0D274CE}"
EndProject
Project("{9A19103F-16F7-4668-BE54-9A1E7A4F7556}") = "UILayer", "UILayer\UILayer.csproj", "{7515CDEF-1829-41DF-A7FB-6856E06DB096}"
EndProject
Project("{FAE04EC0-301F-11D3-BF4B-00C04F79EFBC}") = "RentSoftware.RepositorySP", "RentSoftware.Repository(StoredProcedure)\RentSoftware.RepositorySP.csproj", "{9505965E-5AC3-4B1D-A471-4E7EC18C28B2}"
EndProject
Project("{FAE04EC0-301F-11D3-BF4B-00C04F79EFBC}") = "RentSoftware.ServiceSP", "RentSoftware.Service(StoredProcedure)\RentSoftware.ServiceSP.csproj", "{049B8591-21F8-409E-BED0-AD2733539D3F}"
EndProject
Global
	GlobalSection(SolutionConfigurationPlatforms) = preSolution
		Debug|Any CPU = Debug|Any CPU
		Release|Any CPU = Release|Any CPU
	EndGlobalSection
	GlobalSection(ProjectConfigurationPlatforms) = postSolution
		{6D856577-9B6F-407A-A48F-A6BFE8371CCE}.Debug|Any CPU.ActiveCfg = Debug|Any CPU
		{6D856577-9B6F-407A-A48F-A6BFE8371CCE}.Debug|Any CPU.Build.0 = Debug|Any CPU
		{6D856577-9B6F-407A-A48F-A6BFE8371CCE}.Release|Any CPU.ActiveCfg = Release|Any CPU
		{6D856577-9B6F-407A-A48F-A6BFE8371CCE}.Release|Any CPU.Build.0 = Release|Any CPU
		{20FB3785-52ED-4F12-A90A-13753E85437C}.Debug|Any CPU.ActiveCfg = Debug|Any CPU
		{20FB3785-52ED-4F12-A90A-13753E85437C}.Debug|Any CPU.Build.0 = Debug|Any CPU
		{20FB3785-52ED-4F12-A90A-13753E85437C}.Release|Any CPU.ActiveCfg = Release|Any CPU
		{20FB3785-52ED-4F12-A90A-13753E85437C}.Release|Any CPU.Build.0 = Release|Any CPU
		{6208327E-83FE-431C-A494-61CD3A98977F}.Debug|Any CPU.ActiveCfg = Debug|Any CPU
		{6208327E-83FE-431C-A494-61CD3A98977F}.Debug|Any CPU.Build.0 = Debug|Any CPU
		{6208327E-83FE-431C-A494-61CD3A98977F}.Release|Any CPU.ActiveCfg = Release|Any CPU
		{6208327E-83FE-431C-A494-61CD3A98977F}.Release|Any CPU.Build.0 = Release|Any CPU
		{BC27D060-B8BF-41A2-A6C0-1CE3A0D274CE}.Debug|Any CPU.ActiveCfg = Debug|Any CPU
		{BC27D060-B8BF-41A2-A6C0-1CE3A0D274CE}.Debug|Any CPU.Build.0 = Debug|Any CPU
		{BC27D060-B8BF-41A2-A6C0-1CE3A0D274CE}.Release|Any CPU.ActiveCfg = Release|Any CPU
		{BC27D060-B8BF-41A2-A6C0-1CE3A0D274CE}.Release|Any CPU.Build.0 = Release|Any CPU
		{7515CDEF-1829-41DF-A7FB-6856E06DB096}.Debug|Any CPU.ActiveCfg = Debug|Any CPU
		{7515CDEF-1829-41DF-A7FB-6856E06DB096}.Debug|Any CPU.Build.0 = Debug|Any CPU
		{7515CDEF-1829-41DF-A7FB-6856E06DB096}.Release|Any CPU.ActiveCfg = Release|Any CPU
		{7515CDEF-1829-41DF-A7FB-6856E06DB096}.Release|Any CPU.Build.0 = Release|Any CPU
		{9505965E-5AC3-4B1D-A471-4E7EC18C28B2}.Debug|Any CPU.ActiveCfg = Debug|Any CPU
		{9505965E-5AC3-4B1D-A471-4E7EC18C28B2}.Debug|Any CPU.Build.0 = Debug|Any CPU
		{9505965E-5AC3-4B1D-A471-4E7EC18C28B2}.Release|Any CPU.ActiveCfg = Release|Any CPU
		{9505965E-5AC3-4B1D-A471-4E7EC18C28B2}.Release|Any CPU.Build.0 = Release|Any CPU
		{049B8591-21F8-409E-BED0-AD2733539D3F}.Debug|Any CPU.ActiveCfg = Debug|Any CPU
		{049B8591-21F8-409E-BED0-AD2733539D3F}.Debug|Any CPU.Build.0 = Debug|Any CPU
		{049B8591-21F8-409E-BED0-AD2733539D3F}.Release|Any CPU.ActiveCfg = Release|Any CPU
		{049B8591-21F8-409E-BED0-AD2733539D3F}.Release|Any CPU.Build.0 = Release|Any CPU
	EndGlobalSection
	GlobalSection(SolutionProperties) = preSolution
		HideSolutionNode = FALSE
	EndGlobalSection
	GlobalSection(ExtensibilityGlobals) = postSolution
		SolutionGuid = {E3EEF0EC-23F1-4610-9F42-043D5EF92DBA}
	EndGlobalSection
EndGlobal
